cop: Style/BeginBlock
department: style
severity: convention
implemented: false

tests:
  - name: rubocop_cop_style_beginblock_reports_an_offense_for_a_begin_block
    source: |
      BEGIN { test }
    offenses:
      - line: 1
        column_start: 0
        column_end: 5
        message: Avoid the use of `BEGIN` blocks.
